<?xml version="1.0" encoding="utf-8"?>
<Project ToolsVersion="4.0" xmlns="http://schemas.microsoft.com/developer/msbuild/2003">
  <ItemGroup>
    <Filter Include="Platform">
      <UniqueIdentifier>{2AC788B4-1694-E3BF-3FAD-D1672BD9184E}</UniqueIdentifier>
    </Filter>
    <Filter Include="Platform\OpenGL">
      <UniqueIdentifier>{1E7D2C1D-8A08-9AE1-9319-1DD6FF23F6E1}</UniqueIdentifier>
    </Filter>
    <Filter Include="Zephyr">
      <UniqueIdentifier>{272D32E1-13CF-5CB7-FC89-700BE8CAE307}</UniqueIdentifier>
    </Filter>
    <Filter Include="Zephyr\Events">
      <UniqueIdentifier>{2BA7DAB0-9767-56E7-60A2-9F64CC219BC3}</UniqueIdentifier>
    </Filter>
    <Filter Include="Zephyr\ImGui">
      <UniqueIdentifier>{91A387A8-7D06-174D-268C-4F0312CEE2CF}</UniqueIdentifier>
    </Filter>
  </ItemGroup>
  <ItemGroup>
    <ClInclude Include="src\Platform\OpenGL\ImGuiOpenGLRendererBackend.h">
      <Filter>Platform\OpenGL</Filter>
    </ClInclude>
    <ClInclude Include="src\Platform\WindowsWindow.h">
      <Filter>Platform</Filter>
    </ClInclude>
    <ClInclude Include="src\Zephyr.h" />
    <ClInclude Include="src\Zephyr\Core.h">
      <Filter>Zephyr</Filter>
    </ClInclude>
    <ClInclude Include="src\Zephyr\EntryPoint.h">
      <Filter>Zephyr</Filter>
    </ClInclude>
    <ClInclude Include="src\Zephyr\Events\ApplicationEvent.h">
      <Filter>Zephyr\Events</Filter>
    </ClInclude>
    <ClInclude Include="src\Zephyr\Events\Event.h">
      <Filter>Zephyr\Events</Filter>
    </ClInclude>
    <ClInclude Include="src\Zephyr\Events\KeyEvent.h">
      <Filter>Zephyr\Events</Filter>
    </ClInclude>
    <ClInclude Include="src\Zephyr\Events\MouseEvent.h">
      <Filter>Zephyr\Events</Filter>
    </ClInclude>
    <ClInclude Include="src\Zephyr\Game.h">
      <Filter>Zephyr</Filter>
    </ClInclude>
    <ClInclude Include="src\Zephyr\ImGui\ImGuiLayer.h">
      <Filter>Zephyr\ImGui</Filter>
    </ClInclude>
    <ClInclude Include="src\Zephyr\Keyboard.h">
      <Filter>Zephyr</Filter>
    </ClInclude>
    <ClInclude Include="src\Zephyr\Layer.h">
      <Filter>Zephyr</Filter>
    </ClInclude>
    <ClInclude Include="src\Zephyr\LayerStack.h">
      <Filter>Zephyr</Filter>
    </ClInclude>
    <ClInclude Include="src\Zephyr\Log.h">
      <Filter>Zephyr</Filter>
    </ClInclude>
    <ClInclude Include="src\Zephyr\MainWindow.h">
      <Filter>Zephyr</Filter>
    </ClInclude>
    <ClInclude Include="src\Zephyr\Mouse.h">
      <Filter>Zephyr</Filter>
    </ClInclude>
    <ClInclude Include="src\Zephyr\Vec2.h">
      <Filter>Zephyr</Filter>
    </ClInclude>
    <ClInclude Include="src\Zephyr\Window.h">
      <Filter>Zephyr</Filter>
    </ClInclude>
    <ClInclude Include="src\ZephyrPCH.h" />
  </ItemGroup>
  <ItemGroup>
    <ClCompile Include="src\Platform\OpenGL\ImGuiOpenGLRendererBackend.cpp">
      <Filter>Platform\OpenGL</Filter>
    </ClCompile>
    <ClCompile Include="src\Platform\WindowsWindow.cpp">
      <Filter>Platform</Filter>
    </ClCompile>
    <ClCompile Include="src\Zephyr\Game.cpp">
      <Filter>Zephyr</Filter>
    </ClCompile>
    <ClCompile Include="src\Zephyr\ImGui\ImGuiLayer.cpp">
      <Filter>Zephyr\ImGui</Filter>
    </ClCompile>
    <ClCompile Include="src\Zephyr\Keyboard.cpp">
      <Filter>Zephyr</Filter>
    </ClCompile>
    <ClCompile Include="src\Zephyr\Layer.cpp">
      <Filter>Zephyr</Filter>
    </ClCompile>
    <ClCompile Include="src\Zephyr\LayerStack.cpp">
      <Filter>Zephyr</Filter>
    </ClCompile>
    <ClCompile Include="src\Zephyr\Log.cpp">
      <Filter>Zephyr</Filter>
    </ClCompile>
    <ClCompile Include="src\Zephyr\MainWindow.cpp">
      <Filter>Zephyr</Filter>
    </ClCompile>
    <ClCompile Include="src\Zephyr\Mouse.cpp">
      <Filter>Zephyr</Filter>
    </ClCompile>
    <ClCompile Include="src\ZephyrPCH.cpp" />
  </ItemGroup>
</Project>